
Microsoft Visual Studio Solution File, Format Version 12.00
# Visual Studio Version 17
VisualStudioVersion = 17.14.36518.9 d17.14
MinimumVisualStudioVersion = 10.0.40219.1
Project("{FAE04EC0-301F-11D3-BF4B-00C04F79EFBC}") = "UI", "UI\UI.csproj", "{AE324C24-69E9-43AC-9437-D20DF2CA9091}"
EndProject
Project("{FAE04EC0-301F-11D3-BF4B-00C04F79EFBC}") = "Entidades", "Entidades\Entidades.csproj", "{857E3432-311E-42E7-8154-7CA69DCD5C46}"
EndProject
Project("{FAE04EC0-301F-11D3-BF4B-00C04F79EFBC}") = "DAL", "DAL\DAL.csproj", "{42E7D059-B47C-47B7-AD8F-CD2FD904CFB1}"
EndProject
Global
	GlobalSection(SolutionConfigurationPlatforms) = preSolution
		Debug|Any CPU = Debug|Any CPU
		Release|Any CPU = Release|Any CPU
	EndGlobalSection
	GlobalSection(ProjectConfigurationPlatforms) = postSolution
		{AE324C24-69E9-43AC-9437-D20DF2CA9091}.Debug|Any CPU.ActiveCfg = Debug|Any CPU
		{AE324C24-69E9-43AC-9437-D20DF2CA9091}.Debug|Any CPU.Build.0 = Debug|Any CPU
		{AE324C24-69E9-43AC-9437-D20DF2CA9091}.Release|Any CPU.ActiveCfg = Release|Any CPU
		{AE324C24-69E9-43AC-9437-D20DF2CA9091}.Release|Any CPU.Build.0 = Release|Any CPU
		{857E3432-311E-42E7-8154-7CA69DCD5C46}.Debug|Any CPU.ActiveCfg = Debug|Any CPU
		{857E3432-311E-42E7-8154-7CA69DCD5C46}.Debug|Any CPU.Build.0 = Debug|Any CPU
		{857E3432-311E-42E7-8154-7CA69DCD5C46}.Release|Any CPU.ActiveCfg = Release|Any CPU
		{857E3432-311E-42E7-8154-7CA69DCD5C46}.Release|Any CPU.Build.0 = Release|Any CPU
		{42E7D059-B47C-47B7-AD8F-CD2FD904CFB1}.Debug|Any CPU.ActiveCfg = Debug|Any CPU
		{42E7D059-B47C-47B7-AD8F-CD2FD904CFB1}.Debug|Any CPU.Build.0 = Debug|Any CPU
		{42E7D059-B47C-47B7-AD8F-CD2FD904CFB1}.Release|Any CPU.ActiveCfg = Release|Any CPU
		{42E7D059-B47C-47B7-AD8F-CD2FD904CFB1}.Release|Any CPU.Build.0 = Release|Any CPU
	EndGlobalSection
	GlobalSection(SolutionProperties) = preSolution
		HideSolutionNode = FALSE
	EndGlobalSection
	GlobalSection(ExtensibilityGlobals) = postSolution
		SolutionGuid = {DB7693BC-A73E-4C91-96D5-A7BE458F9D18}
	EndGlobalSection
EndGlobal
